// !$*UTF8*$!
{
	archiveVersion = 1;
	classes = {
	};
	objectVersion = 46;
	objects = {

/* Begin PBXBuildFile section */
		8B06370C1F001B14007EBBFE /* Meme.swift in Sources */ = {isa = PBXBuildFile; fileRef = 8B06370B1F001B14007EBBFE /* Meme.swift */; };
		8B06370E1F001BDB007EBBFE /* MemeViewControllerExtensions.swift in Sources */ = {isa = PBXBuildFile; fileRef = 8B06370D1F001BDB007EBBFE /* MemeViewControllerExtensions.swift */; };
		8B2F29791EE632430012AF8D /* AppDelegate.swift in Sources */ = {isa = PBXBuildFile; fileRef = 8B2F29781EE632430012AF8D /* AppDelegate.swift */; };
		8B2F297B1EE632430012AF8D /* MemeViewController.swift in Sources */ = {isa = PBXBuildFile; fileRef = 8B2F297A1EE632430012AF8D /* MemeViewController.swift */; };
		8B2F297E1EE632430012AF8D /* Main.storyboard in Resources */ = {isa = PBXBuildFile; fileRef = 8B2F297C1EE632430012AF8D /* Main.storyboard */; };
		8B2F29801EE632430012AF8D /* Assets.xcassets in Resources */ = {isa = PBXBuildFile; fileRef = 8B2F297F1EE632430012AF8D /* Assets.xcassets */; };
		8B2F29831EE632430012AF8D /* LaunchScreen.storyboard in Resources */ = {isa = PBXBuildFile; fileRef = 8B2F29811EE632430012AF8D /* LaunchScreen.storyboard */; };
/* End PBXBuildFile section */

/* Begin PBXFileReference section */
		8B06370B1F001B14007EBBFE /* Meme.swift */ = {isa = PBXFileReference; fileEncoding = 4; lastKnownFileType = sourcecode.swift; path = Meme.swift; sourceTree = "<group>"; };
		8B06370D1F001BDB007EBBFE /* MemeViewControllerExtensions.swift */ = {isa = PBXFileReference; fileEncoding = 4; lastKnownFileType = sourcecode.swift; path = MemeViewControllerExtensions.swift; sourceTree = "<group>"; };
		8B2F29751EE632430012AF8D /* MemeYou.app */ = {isa = PBXFileReference; explicitFileType = wrapper.application; includeInIndex = 0; path = MemeYou.app; sourceTree = BUILT_PRODUCTS_DIR; };
		8B2F29781EE632430012AF8D /* AppDelegate.swift */ = {isa = PBXFileReference; lastKnownFileType = sourcecode.swift; path = AppDelegate.swift; sourceTree = "<group>"; };
		8B2F297A1EE632430012AF8D /* MemeViewController.swift */ = {isa = PBXFileReference; lastKnownFileType = sourcecode.swift; path = MemeViewController.swift; sourceTree = "<group>"; };
		8B2F297D1EE632430012AF8D /* Base */ = {isa = PBXFileReference; lastKnownFileType = file.storyboard; name = Base; path = Base.lproj/Main.storyboard; sourceTree = "<group>"; };
		8B2F297F1EE632430012AF8D /* Assets.xcassets */ = {isa = PBXFileReference; lastKnownFileType = folder.assetcatalog; path = Assets.xcassets; sourceTree = "<group>"; };
		8B2F29821EE632430012AF8D /* Base */ = {isa = PBXFileReference; lastKnownFileType = file.storyboard; name = Base; path = Base.lproj/LaunchScreen.storyboard; sourceTree = "<group>"; };
		8B2F29841EE632430012AF8D /* Info.plist */ = {isa = PBXFileReference; lastKnownFileType = text.plist.xml; path = Info.plist; sourceTree = "<group>"; };
/* End PBXFileReference section */

/* Begin PBXFrameworksBuildPhase section */
		8B2F29721EE632430012AF8D /* Frameworks */ = {
			isa = PBXFrameworksBuildPhase;
			buildActionMask = 2147483647;
			files = (
			);
			runOnlyForDeploymentPostprocessing = 0;
		};
/* End PBXFrameworksBuildPhase section */

/* Begin PBXGroup section */
		8B2F296C1EE632420012AF8D = {
			isa = PBXGroup;
			children = (
				8B2F29771EE632430012AF8D /* MemeYou */,
				8B2F29761EE632430012AF8D /* Products */,
			);
			sourceTree = "<group>";
		};
		8B2F29761EE632430012AF8D /* Products */ = {
			isa = PBXGroup;
			children = (
				8B2F29751EE632430012AF8D /* MemeYou.app */,
			);
			name = Products;
			sourceTree = "<group>";
		};
		8B2F29771EE632430012AF8D /* MemeYou */ = {
			isa = PBXGroup;
			children = (
				8B2F29781EE632430012AF8D /* AppDelegate.swift */,
				8B06370B1F001B14007EBBFE /* Meme.swift */,
				8B2F297A1EE632430012AF8D /* MemeViewController.swift */,
				8B06370D1F001BDB007EBBFE /* MemeViewControllerExtensions.swift */,
				8B2F297C1EE632430012AF8D /* Main.storyboard */,
				8B2F297F1EE632430012AF8D /* Assets.xcassets */,
				8B2F29811EE632430012AF8D /* LaunchScreen.storyboard */,
				8B2F29841EE632430012AF8D /* Info.plist */,
			);
			path = MemeYou;
			sourceTree = "<group>";
		};
/* End PBXGroup section */

/* Begin PBXNativeTarget section */
		8B2F29741EE632430012AF8D /* MemeYou */ = {
			isa = PBXNativeTarget;
			buildConfigurationList = 8B2F29871EE632430012AF8D /* Build configuration list for PBXNativeTarget "MemeYou" */;
			buildPhases = (
				8B2F29711EE632430012AF8D /* Sources */,
				8B2F29721EE632430012AF8D /* Frameworks */,
				8B2F29731EE632430012AF8D /* Resources */,
			);
			buildRules = (
			);
			dependencies = (
			);
			name = MemeYou;
			productName = MemeYou;
			productReference = 8B2F29751EE632430012AF8D /* MemeYou.app */;
			productType = "com.apple.product-type.application";
		};
/* End PBXNativeTarget section */

/* Begin PBXProject section */
		8B2F296D1EE632420012AF8D /* Project object */ = {
			isa = PBXProject;
			attributes = {
				LastSwiftUpdateCheck = 0830;
				LastUpgradeCheck = 0830;
				ORGANIZATIONNAME = "Francis Gutierrez";
				TargetAttributes = {
					8B2F29741EE632430012AF8D = {
						CreatedOnToolsVersion = 8.3.2;
						DevelopmentTeam = P3UBT9A2NA;
						ProvisioningStyle = Automatic;
					};
				};
			};
			buildConfigurationList = 8B2F29701EE632420012AF8D /* Build configuration list for PBXProject "MemeYou" */;
			compatibilityVersion = "Xcode 3.2";
			developmentRegion = English;
			hasScannedForEncodings = 0;
			knownRegions = (
				en,
				Base,
			);
			mainGroup = 8B2F296C1EE632420012AF8D;
			productRefGroup = 8B2F29761EE632430012AF8D /* Products */;
			projectDirPath = "";
			projectRoot = "";
			targets = (
				8B2F29741EE632430012AF8D /* MemeYou */,
			);
		};
/* End PBXProject section */

/* Begin PBXResourcesBuildPhase section */
		8B2F29731EE632430012AF8D /* Resources */ = {
			isa = PBXResourcesBuildPhase;
			buildActionMask = 2147483647;
			files = (
				8B2F29831EE632430012AF8D /* LaunchScreen.storyboard in Resources */,
				8B2F29801EE632430012AF8D /* Assets.xcassets in Resources */,
				8B2F297E1EE632430012AF8D /* Main.storyboard in Resources */,
			);
			runOnlyForDeploymentPostprocessing = 0;
		};
/* End PBXResourcesBuildPhase section */

/* Begin PBXSourcesBuildPhase section */
		8B2F29711EE632430012AF8D /* Sources */ = {
			isa = PBXSourcesBuildPhase;
			buildActionMask = 2147483647;
			files = (
				8B06370E1F001BDB007EBBFE /* MemeViewControllerExtensions.swift in Sources */,
				8B06370C1F001B14007EBBFE /* Meme.swift in Sources */,
				8B2F297B1EE632430012AF8D /* MemeViewController.swift in Sources */,
				8B2F29791EE632430012AF8D /* AppDelegate.swift in Sources */,
			);
			runOnlyForDeploymentPostprocessing = 0;
		};
/* End PBXSourcesBuildPhase section */

/* Begin PBXVariantGroup section */
		8B2F297C1EE632430012AF8D /* Main.storyboard */ = {
			isa = PBXVariantGroup;
			children = (
				8B2F297D1EE632430012AF8D /* Base */,
			);
			name = Main.storyboard;
			sourceTree = "<group>";
		};
		8B2F29811EE632430012AF8D /* LaunchScreen.storyboard */ = {
			isa = PBXVariantGroup;
			children = (
				8B2F29821EE632430012AF8D /* Base */,
			);
			name = LaunchScreen.storyboard;
			sourceTree = "<group>";
		};
/* End PBXVariantGroup section */

/* Begin XCBuildConfiguration section */
		8B2F29851EE632430012AF8D /* Debug */ = {
			isa = XCBuildConfiguration;
			buildSettings = {
				ALWAYS_SEARCH_USER_PATHS = NO;
				CLANG_ANALYZER_NONNULL = YES;
				CLANG_ANALYZER_NUMBER_OBJECT_CONVERSION = YES_AGGRESSIVE;
				CLANG_CXX_LANGUAGE_STANDARD = "gnu++0x";
				CLANG_CXX_LIBRARY = "libc++";
				CLANG_ENABLE_MODULES = YES;
				CLANG_ENABLE_OBJC_ARC = YES;
				CLANG_WARN_BOOL_CONVERSION = YES;
				CLANG_WARN_CONSTANT_CONVERSION = YES;
				CLANG_WARN_DIRECT_OBJC_ISA_USAGE = YES_ERROR;
				CLANG_WARN_DOCUMENTATION_COMMENTS = YES;
				CLANG_WARN_EMPTY_BODY = YES;
				CLANG_WARN_ENUM_CONVERSION = YES;
				CLANG_WARN_INFINITE_RECURSION = YES;
				CLANG_WARN_INT_CONVERSION = YES;
				CLANG_WARN_OBJC_ROOT_CLASS = YES_ERROR;
				CLANG_WARN_SUSPICIOUS_MOVE = YES;
				CLANG_WARN_UNREACHABLE_CODE = YES;
				CLANG_WARN__DUPLICATE_METHOD_MATCH = YES;
				"CODE_SIGN_IDENTITY[sdk=iphoneos*]" = "iPhone Developer";
				COPY_PHASE_STRIP = NO;
				DEBUG_INFORMATION_FORMAT = dwarf;
				ENABLE_STRICT_OBJC_MSGSEND = YES;
				ENABLE_TESTABILITY = YES;
				GCC_C_LANGUAGE_STANDARD = gnu99;
				GCC_DYNAMIC_NO_PIC = NO;
				GCC_NO_COMMON_BLOCKS = YES;
				GCC_OPTIMIZATION_LEVEL = 0;
				GCC_PREPROCESSOR_DEFINITIONS = (
					"DEBUG=1",
					"$(inherited)",
				);
				GCC_WARN_64_TO_32_BIT_CONVERSION = YES;
				GCC_WARN_ABOUT_RETURN_TYPE = YES_ERROR;
				GCC_WARN_UNDECLARED_SELECTOR = YES;
				GCC_WARN_UNINITIALIZED_AUTOS = YES_AGGRESSIVE;
				GCC_WARN_UNUSED_FUNCTION = YES;
				GCC_WARN_UNUSED_VARIABLE = YES;
				IPHONEOS_DEPLOYMENT_TARGET = 10.3;
				MTL_ENABLE_DEBUG_INFO = YES;
				ONLY_ACTIVE_ARCH = YES;
				SDKROOT = iphoneos;
				SWIFT_ACTIVE_COMPILATION_CONDITIONS = DEBUG;
				SWIFT_OPTIMIZATION_LEVEL = "-Onone";
				TARGETED_DEVICE_FAMILY = "1,2";
			};
			name = Debug;
		};
		8B2F29861EE632430012AF8D /* Release */ = {
			isa = XCBuildConfiguration;
			buildSettings = {
				ALWAYS_SEARCH_USER_PATHS = NO;
				CLANG_ANALYZER_NONNULL = YES;
				CLANG_ANALYZER_NUMBER_OBJECT_CONVERSION = YES_AGGRESSIVE;
				CLANG_CXX_LANGUAGE_STANDARD = "gnu++0x";
				CLANG_CXX_LIBRARY = "libc++";
				CLANG_ENABLE_MODULES = YES;
				CLANG_ENABLE_OBJC_ARC = YES;
				CLANG_WARN_BOOL_CONVERSION = YES;
				CLANG_WARN_CONSTANT_CONVERSION = YES;
				CLANG_WARN_DIRECT_OBJC_ISA_USAGE = YES_ERROR;
				CLANG_WARN_DOCUMENTATION_COMMENTS = YES;
				CLANG_WARN_EMPTY_BODY = YES;
				CLANG_WARN_ENUM_CONVERSION = YES;
				CLANG_WARN_INFINITE_RECURSION = YES;
				CLANG_WARN_INT_CONVERSION = YES;
				CLANG_WARN_OBJC_ROOT_CLASS = YES_ERROR;
				CLANG_WARN_SUSPICIOUS_MOVE = YES;
				CLANG_WARN_UNREACHABLE_CODE = YES;
				CLANG_WARN__DUPLICATE_METHOD_MATCH = YES;
				"CODE_SIGN_IDENTITY[sdk=iphoneos*]" = "iPhone Developer";
				COPY_PHASE_STRIP = NO;
				DEBUG_INFORMATION_FORMAT = "dwarf-with-dsym";
				ENABLE_NS_ASSERTIONS = NO;
				ENABLE_STRICT_OBJC_MSGSEND = YES;
				GCC_C_LANGUAGE_STANDARD = gnu99;
				GCC_NO_COMMON_BLOCKS = YES;
				GCC_WARN_64_TO_32_BIT_CONVERSION = YES;
				GCC_WARN_ABOUT_RETURN_TYPE = YES_ERROR;
				GCC_WARN_UNDECLARED_SELECTOR = YES;
				GCC_WARN_UNINITIALIZED_AUTOS = YES_AGGRESSIVE;
				GCC_WARN_UNUSED_FUNCTION = YES;
				GCC_WARN_UNUSED_VARIABLE = YES;
				IPHONEOS_DEPLOYMENT_TARGET = 10.3;
				MTL_ENABLE_DEBUG_INFO = NO;
				SDKROOT = iphoneos;
				SWIFT_OPTIMIZATION_LEVEL = "-Owholemodule";
				TARGETED_DEVICE_FAMILY = "1,2";
				VALIDATE_PRODUCT = YES;
			};
			name = Release;
		};
		8B2F29881EE632430012AF8D /* Debug */ = {
			isa = XCBuildConfiguration;
			buildSettings = {
				ASSETCATALOG_COMPILER_APPICON_NAME = AppIcon;
				DEVELOPMENT_TEAM = P3UBT9A2NA;
				INFOPLIST_FILE = MemeYou/Info.plist;
				LD_RUNPATH_SEARCH_PATHS = "$(inherited) @executable_path/Frameworks";
				PRODUCT_BUNDLE_IDENTIFIER = com.company.the.pitchnoperfect.MemeYou;
				PRODUCT_NAME = "$(TARGET_NAME)";
				SWIFT_VERSION = 3.0;
			};
			name = Debug;
		};
		8B2F29891EE632430012AF8D /* Release */ = {
			isa = XCBuildConfiguration;
			buildSettings = {
				ASSETCATALOG_COMPILER_APPICON_NAME = AppIcon;
				DEVELOPMENT_TEAM = P3UBT9A2NA;
				INFOPLIST_FILE = MemeYou/Info.plist;
				LD_RUNPATH_SEARCH_PATHS = "$(inherited) @executable_path/Frameworks";
				PRODUCT_BUNDLE_IDENTIFIER = com.company.the.pitchnoperfect.MemeYou;
				PRODUCT_NAME = "$(TARGET_NAME)";
				SWIFT_VERSION = 3.0;
			};
			name = Release;
		};
/* End XCBuildConfiguration section */

/* Begin XCConfigurationList section */
		8B2F29701EE632420012AF8D /* Build configuration list for PBXProject "MemeYou" */ = {
			isa = XCConfigurationList;
			buildConfigurations = (
				8B2F29851EE632430012AF8D /* Debug */,
				8B2F29861EE632430012AF8D /* Release */,
			);
			defaultConfigurationIsVisible = 0;
			defaultConfigurationName = Release;
		};
		8B2F29871EE632430012AF8D /* Build configuration list for PBXNativeTarget "MemeYou" */ = {
			isa = XCConfigurationList;
			buildConfigurations = (
				8B2F29881EE632430012AF8D /* Debug */,
				8B2F29891EE632430012AF8D /* Release */,
			);
			defaultConfigurationIsVisible = 0;
			defaultConfigurationName = Release;
		};
/* End XCConfigurationList section */
	};
	rootObject = 8B2F296D1EE632420012AF8D /* Project object */;
}
